
Microsoft Visual Studio Solution File, Format Version 12.00
# Visual Studio Version 17
VisualStudioVersion = 17.4.33205.214
MinimumVisualStudioVersion = 10.0.40219.1
Project("{8BC9CEB8-8B4A-11D0-8D11-00A0C91BC942}") = "Sandbox", "Sandbox\Sandbox.vcxproj", "{A9BD1892-F8AA-45EA-9228-F634E8A5DD6B}"
EndProject
Project("{8BC9CEB8-8B4A-11D0-8D11-00A0C91BC942}") = "Steins", "Steins\Steins.vcxproj", "{A9246109-D2C6-4595-88C1-9407373FF86E}"
EndProject
Global
	GlobalSection(SolutionConfigurationPlatforms) = preSolution
		Debug|x64 = Debug|x64
		Release|x64 = Release|x64
	EndGlobalSection
	GlobalSection(ProjectConfigurationPlatforms) = postSolution
		{A9246109-D2C6-4595-88C1-9407373FF86E}.Debug|x64.ActiveCfg = Debug|x64
		{A9246109-D2C6-4595-88C1-9407373FF86E}.Debug|x64.Build.0 = Debug|x64
		{A9246109-D2C6-4595-88C1-9407373FF86E}.Release|x64.ActiveCfg = Release|x64
		{A9246109-D2C6-4595-88C1-9407373FF86E}.Release|x64.Build.0 = Release|x64
		{A9BD1892-F8AA-45EA-9228-F634E8A5DD6B}.Debug|x64.ActiveCfg = Debug|x64
		{A9BD1892-F8AA-45EA-9228-F634E8A5DD6B}.Debug|x64.Build.0 = Debug|x64
		{A9BD1892-F8AA-45EA-9228-F634E8A5DD6B}.Release|x64.ActiveCfg = Release|x64
		{A9BD1892-F8AA-45EA-9228-F634E8A5DD6B}.Release|x64.Build.0 = Release|x64
	EndGlobalSection
	GlobalSection(SolutionProperties) = preSolution
		HideSolutionNode = FALSE
	EndGlobalSection
	GlobalSection(ExtensibilityGlobals) = postSolution
		SolutionGuid = {C204FBD5-C274-44F1-9A05-792EA42E6E47}
	EndGlobalSection
EndGlobal
