<?xml version="1.0" encoding="utf-8"?>
<Project ToolsVersion="4.0" xmlns="http://schemas.microsoft.com/developer/msbuild/2003">
  <ItemGroup>
    <Filter Include="Platform">
      <UniqueIdentifier>{2AC788B4-1694-E3BF-3FAD-D1672BD9184E}</UniqueIdentifier>
    </Filter>
    <Filter Include="Platform\OpenGL">
      <UniqueIdentifier>{1E7D2C1D-8A08-9AE1-9319-1DD6FF23F6E1}</UniqueIdentifier>
    </Filter>
    <Filter Include="Platform\Windows">
      <UniqueIdentifier>{64FBD71A-50F4-F66C-7926-DCF1657ED678}</UniqueIdentifier>
    </Filter>
    <Filter Include="Steins">
      <UniqueIdentifier>{FB7AE7D1-E71C-12A8-D0D7-25FCBC1899F8}</UniqueIdentifier>
    </Filter>
    <Filter Include="Steins\Events">
      <UniqueIdentifier>{7F9E7B97-EB5E-F7CD-B499-404B20193CAA}</UniqueIdentifier>
    </Filter>
    <Filter Include="Steins\ImGui">
      <UniqueIdentifier>{65007D90-5163-0C35-FAE8-44EBE62AD8B7}</UniqueIdentifier>
    </Filter>
  </ItemGroup>
  <ItemGroup>
    <ClInclude Include="src\Platform\OpenGL\ImGuiOpenGLRenderer.h">
      <Filter>Platform\OpenGL</Filter>
    </ClInclude>
    <ClInclude Include="src\Platform\Windows\WindowsWindow.h">
      <Filter>Platform\Windows</Filter>
    </ClInclude>
    <ClInclude Include="src\Steins.h" />
    <ClInclude Include="src\Steins\Application.h">
      <Filter>Steins</Filter>
    </ClInclude>
    <ClInclude Include="src\Steins\Core.h">
      <Filter>Steins</Filter>
    </ClInclude>
    <ClInclude Include="src\Steins\EntryPoint.h">
      <Filter>Steins</Filter>
    </ClInclude>
    <ClInclude Include="src\Steins\Events\ApplicationEvent.h">
      <Filter>Steins\Events</Filter>
    </ClInclude>
    <ClInclude Include="src\Steins\Events\Event.h">
      <Filter>Steins\Events</Filter>
    </ClInclude>
    <ClInclude Include="src\Steins\Events\KeyEvent.h">
      <Filter>Steins\Events</Filter>
    </ClInclude>
    <ClInclude Include="src\Steins\Events\MouseEvent.h">
      <Filter>Steins\Events</Filter>
    </ClInclude>
    <ClInclude Include="src\Steins\ImGui\ImGuiLayer.h">
      <Filter>Steins\ImGui</Filter>
    </ClInclude>
    <ClInclude Include="src\Steins\Layer.h">
      <Filter>Steins</Filter>
    </ClInclude>
    <ClInclude Include="src\Steins\LayerStack.h">
      <Filter>Steins</Filter>
    </ClInclude>
    <ClInclude Include="src\Steins\Log.h">
      <Filter>Steins</Filter>
    </ClInclude>
    <ClInclude Include="src\Steins\MathTypes.h">
      <Filter>Steins</Filter>
    </ClInclude>
    <ClInclude Include="src\Steins\Window.h">
      <Filter>Steins</Filter>
    </ClInclude>
    <ClInclude Include="src\stspch.h" />
    <ClInclude Include="src\Steins\Input.h" />
    <ClInclude Include="src\Platform\Windows\WindowsInput.h" />
  </ItemGroup>
  <ItemGroup>
    <ClCompile Include="src\Platform\OpenGL\ImGuiOpenGLRenderer.cpp">
      <Filter>Platform\OpenGL</Filter>
    </ClCompile>
    <ClCompile Include="src\Platform\Windows\WindowsWindow.cpp">
      <Filter>Platform\Windows</Filter>
    </ClCompile>
    <ClCompile Include="src\Steins\Application.cpp">
      <Filter>Steins</Filter>
    </ClCompile>
    <ClCompile Include="src\Steins\ImGui\imGuiLayer.cpp">
      <Filter>Steins\ImGui</Filter>
    </ClCompile>
    <ClCompile Include="src\Steins\Layer.cpp">
      <Filter>Steins</Filter>
    </ClCompile>
    <ClCompile Include="src\Steins\LayerStack.cpp">
      <Filter>Steins</Filter>
    </ClCompile>
    <ClCompile Include="src\Steins\Log.cpp">
      <Filter>Steins</Filter>
    </ClCompile>
    <ClCompile Include="src\stspch.cpp" />
    <ClCompile Include="src\Platform\Windows\WindowsInput.cpp" />
  </ItemGroup>
</Project>