<?xml version="1.0" encoding="utf-8"?>
<Project ToolsVersion="4.0" xmlns="http://schemas.microsoft.com/developer/msbuild/2003">
  <ItemGroup>
    <Filter Include="Steins">
      <UniqueIdentifier>{FB7AE7D1-E71C-12A8-D0D7-25FCBC1899F8}</UniqueIdentifier>
    </Filter>
  </ItemGroup>
  <ItemGroup>
    <ClInclude Include="src\Steins.h" />
    <ClInclude Include="src\Steins\Application.h">
      <Filter>Steins</Filter>
    </ClInclude>
    <ClInclude Include="src\Steins\Core.h">
      <Filter>Steins</Filter>
    </ClInclude>
    <ClInclude Include="src\Steins\EntryPoint.h">
      <Filter>Steins</Filter>
    </ClInclude>
    <ClInclude Include="src\Steins\Log.h">
      <Filter>Steins</Filter>
    </ClInclude>
  </ItemGroup>
  <ItemGroup>
    <ClCompile Include="src\Steins\Application.cpp">
      <Filter>Steins</Filter>
    </ClCompile>
    <ClCompile Include="src\Steins\Log.cpp">
      <Filter>Steins</Filter>
    </ClCompile>
  </ItemGroup>
</Project>